
Microsoft Visual Studio Solution File, Format Version 12.00
# Visual Studio Version 17
VisualStudioVersion = 17.1.32407.343
MinimumVisualStudioVersion = 10.0.40219.1
Project("{9A19103F-16F7-4668-BE54-9A1E7A4F7556}") = "HW_DesignPattern1_NadavArania", "Tirgol_DesignPatterns\HW_DesignPattern1_NadavArania.csproj", "{046BD99F-9E8D-4083-91B8-9FAA822FAD13}"
EndProject
Global
	GlobalSection(SolutionConfigurationPlatforms) = preSolution
		Debug|Any CPU = Debug|Any CPU
		Release|Any CPU = Release|Any CPU
	EndGlobalSection
	GlobalSection(ProjectConfigurationPlatforms) = postSolution
		{046BD99F-9E8D-4083-91B8-9FAA822FAD13}.Debug|Any CPU.ActiveCfg = Debug|Any CPU
		{046BD99F-9E8D-4083-91B8-9FAA822FAD13}.Debug|Any CPU.Build.0 = Debug|Any CPU
		{046BD99F-9E8D-4083-91B8-9FAA822FAD13}.Release|Any CPU.ActiveCfg = Release|Any CPU
		{046BD99F-9E8D-4083-91B8-9FAA822FAD13}.Release|Any CPU.Build.0 = Release|Any CPU
	EndGlobalSection
	GlobalSection(SolutionProperties) = preSolution
		HideSolutionNode = FALSE
	EndGlobalSection
	GlobalSection(ExtensibilityGlobals) = postSolution
		SolutionGuid = {2AA9EFCF-2C96-4E49-B236-698A12FF2209}
	EndGlobalSection
EndGlobal
